
Microsoft Visual Studio Solution File, Format Version 12.00
# Visual Studio Version 17
VisualStudioVersion = 17.10.35122.118
MinimumVisualStudioVersion = 10.0.40219.1
Project("{FAE04EC0-301F-11D3-BF4B-00C04F79EFBC}") = "CatchUpPlatform.API", "CatchUpPlatform.API\CatchUpPlatform.API.csproj", "{930EC002-B799-4D0E-8F8D-C3E4C4F488EB}"
EndProject
Global
	GlobalSection(SolutionConfigurationPlatforms) = preSolution
		Debug|Any CPU = Debug|Any CPU
		Release|Any CPU = Release|Any CPU
	EndGlobalSection
	GlobalSection(ProjectConfigurationPlatforms) = postSolution
		{930EC002-B799-4D0E-8F8D-C3E4C4F488EB}.Debug|Any CPU.ActiveCfg = Debug|Any CPU
		{930EC002-B799-4D0E-8F8D-C3E4C4F488EB}.Debug|Any CPU.Build.0 = Debug|Any CPU
		{930EC002-B799-4D0E-8F8D-C3E4C4F488EB}.Release|Any CPU.ActiveCfg = Release|Any CPU
		{930EC002-B799-4D0E-8F8D-C3E4C4F488EB}.Release|Any CPU.Build.0 = Release|Any CPU
	EndGlobalSection
	GlobalSection(SolutionProperties) = preSolution
		HideSolutionNode = FALSE
	EndGlobalSection
	GlobalSection(ExtensibilityGlobals) = postSolution
		SolutionGuid = {1BF979EB-5D23-4587-B664-39A0B9AEE743}
	EndGlobalSection
EndGlobal
